
Microsoft Visual Studio Solution File, Format Version 12.00
# Visual Studio Version 17
VisualStudioVersion = 17.11.35327.3
MinimumVisualStudioVersion = 10.0.40219.1
Project("{9A19103F-16F7-4668-BE54-9A1E7A4F7556}") = "API_Thales", "API_Thales\API_Thales.csproj", "{5169C8F2-B29B-429D-9C2A-8D0E33D05DA2}"
EndProject
Project("{9A19103F-16F7-4668-BE54-9A1E7A4F7556}") = "DataAccess", "DataAccess\DataAccess.csproj", "{55C9C5A9-412A-4B2E-A660-79299F5CE799}"
EndProject
Project("{9A19103F-16F7-4668-BE54-9A1E7A4F7556}") = "BusinessLayer", "BusinessLayer\BusinessLayer.csproj", "{04822EF8-CDC7-4638-B90F-FFD185CCD746}"
EndProject
Project("{9A19103F-16F7-4668-BE54-9A1E7A4F7556}") = "Entities", "Entities\Entities.csproj", "{B6A2CECC-C373-4DC5-AAFD-928C8C79B0D2}"
EndProject
Project("{FAE04EC0-301F-11D3-BF4B-00C04F79EFBC}") = "EmployeeServiceTests", "EmployeeServiceTests\EmployeeServiceTests.csproj", "{729B74DA-F5E4-4727-A77B-91776E0C63C3}"
EndProject
Global
	GlobalSection(SolutionConfigurationPlatforms) = preSolution
		Debug|Any CPU = Debug|Any CPU
		Release|Any CPU = Release|Any CPU
	EndGlobalSection
	GlobalSection(ProjectConfigurationPlatforms) = postSolution
		{5169C8F2-B29B-429D-9C2A-8D0E33D05DA2}.Debug|Any CPU.ActiveCfg = Debug|Any CPU
		{5169C8F2-B29B-429D-9C2A-8D0E33D05DA2}.Debug|Any CPU.Build.0 = Debug|Any CPU
		{5169C8F2-B29B-429D-9C2A-8D0E33D05DA2}.Release|Any CPU.ActiveCfg = Release|Any CPU
		{5169C8F2-B29B-429D-9C2A-8D0E33D05DA2}.Release|Any CPU.Build.0 = Release|Any CPU
		{55C9C5A9-412A-4B2E-A660-79299F5CE799}.Debug|Any CPU.ActiveCfg = Debug|Any CPU
		{55C9C5A9-412A-4B2E-A660-79299F5CE799}.Debug|Any CPU.Build.0 = Debug|Any CPU
		{55C9C5A9-412A-4B2E-A660-79299F5CE799}.Release|Any CPU.ActiveCfg = Release|Any CPU
		{55C9C5A9-412A-4B2E-A660-79299F5CE799}.Release|Any CPU.Build.0 = Release|Any CPU
		{04822EF8-CDC7-4638-B90F-FFD185CCD746}.Debug|Any CPU.ActiveCfg = Debug|Any CPU
		{04822EF8-CDC7-4638-B90F-FFD185CCD746}.Debug|Any CPU.Build.0 = Debug|Any CPU
		{04822EF8-CDC7-4638-B90F-FFD185CCD746}.Release|Any CPU.ActiveCfg = Release|Any CPU
		{04822EF8-CDC7-4638-B90F-FFD185CCD746}.Release|Any CPU.Build.0 = Release|Any CPU
		{B6A2CECC-C373-4DC5-AAFD-928C8C79B0D2}.Debug|Any CPU.ActiveCfg = Debug|Any CPU
		{B6A2CECC-C373-4DC5-AAFD-928C8C79B0D2}.Debug|Any CPU.Build.0 = Debug|Any CPU
		{B6A2CECC-C373-4DC5-AAFD-928C8C79B0D2}.Release|Any CPU.ActiveCfg = Release|Any CPU
		{B6A2CECC-C373-4DC5-AAFD-928C8C79B0D2}.Release|Any CPU.Build.0 = Release|Any CPU
		{729B74DA-F5E4-4727-A77B-91776E0C63C3}.Debug|Any CPU.ActiveCfg = Debug|Any CPU
		{729B74DA-F5E4-4727-A77B-91776E0C63C3}.Debug|Any CPU.Build.0 = Debug|Any CPU
		{729B74DA-F5E4-4727-A77B-91776E0C63C3}.Release|Any CPU.ActiveCfg = Release|Any CPU
		{729B74DA-F5E4-4727-A77B-91776E0C63C3}.Release|Any CPU.Build.0 = Release|Any CPU
	EndGlobalSection
	GlobalSection(SolutionProperties) = preSolution
		HideSolutionNode = FALSE
	EndGlobalSection
	GlobalSection(ExtensibilityGlobals) = postSolution
		SolutionGuid = {8B6A470E-B16D-467B-A576-CAFC2C931986}
	EndGlobalSection
EndGlobal
